
Microsoft Visual Studio Solution File, Format Version 12.00
# Visual Studio Version 16
VisualStudioVersion = 16.0.29409.12
MinimumVisualStudioVersion = 10.0.40219.1
Project("{FAE04EC0-301F-11D3-BF4B-00C04F79EFBC}") = "MyStore", "MyStore.csproj", "{380107EE-21A1-4D61-A37C-082B05E44EA3}"
EndProject
Global
	GlobalSection(SolutionConfigurationPlatforms) = preSolution
		Debug|Any CPU = Debug|Any CPU
		Release|Any CPU = Release|Any CPU
	EndGlobalSection
	GlobalSection(ProjectConfigurationPlatforms) = postSolution
		{380107EE-21A1-4D61-A37C-082B05E44EA3}.Debug|Any CPU.ActiveCfg = Debug|Any CPU
		{380107EE-21A1-4D61-A37C-082B05E44EA3}.Debug|Any CPU.Build.0 = Debug|Any CPU
		{380107EE-21A1-4D61-A37C-082B05E44EA3}.Release|Any CPU.ActiveCfg = Release|Any CPU
		{380107EE-21A1-4D61-A37C-082B05E44EA3}.Release|Any CPU.Build.0 = Release|Any CPU
	EndGlobalSection
	GlobalSection(SolutionProperties) = preSolution
		HideSolutionNode = FALSE
	EndGlobalSection
	GlobalSection(ExtensibilityGlobals) = postSolution
		SolutionGuid = {D8541DD0-70A4-4AB1-998E-9B693CB8014B}
	EndGlobalSection
EndGlobal
